
Microsoft Visual Studio Solution File, Format Version 12.00
# Visual Studio 2015
Project("{FAE04EC0-301F-11D3-BF4B-00C04F79EFBC}") = "Rhythm Hell", "Rhythm Hell.csproj", "{4CCCE24E-949E-B72B-F64A-E3833A0B4312}"
EndProject
Project("{FAE04EC0-301F-11D3-BF4B-00C04F79EFBC}") = "Rhythm Hell.Editor", "Rhythm Hell.Editor.csproj", "{D4854175-8289-9687-642F-B0B869FDA919}"
EndProject
Global
	GlobalSection(SolutionConfigurationPlatforms) = preSolution
		Debug|Any CPU = Debug|Any CPU
		Release|Any CPU = Release|Any CPU
	EndGlobalSection
	GlobalSection(ProjectConfigurationPlatforms) = postSolution
		{4CCCE24E-949E-B72B-F64A-E3833A0B4312}.Debug|Any CPU.ActiveCfg = Debug|Any CPU
		{4CCCE24E-949E-B72B-F64A-E3833A0B4312}.Debug|Any CPU.Build.0 = Debug|Any CPU
		{4CCCE24E-949E-B72B-F64A-E3833A0B4312}.Release|Any CPU.ActiveCfg = Release|Any CPU
		{4CCCE24E-949E-B72B-F64A-E3833A0B4312}.Release|Any CPU.Build.0 = Release|Any CPU
		{D4854175-8289-9687-642F-B0B869FDA919}.Debug|Any CPU.ActiveCfg = Debug|Any CPU
		{D4854175-8289-9687-642F-B0B869FDA919}.Debug|Any CPU.Build.0 = Debug|Any CPU
		{D4854175-8289-9687-642F-B0B869FDA919}.Release|Any CPU.ActiveCfg = Release|Any CPU
		{D4854175-8289-9687-642F-B0B869FDA919}.Release|Any CPU.Build.0 = Release|Any CPU
	EndGlobalSection
	GlobalSection(SolutionProperties) = preSolution
		HideSolutionNode = FALSE
	EndGlobalSection
EndGlobal
